
Microsoft Visual Studio Solution File, Format Version 12.00
# Visual Studio Version 16
VisualStudioVersion = 16.0.30517.126
MinimumVisualStudioVersion = 10.0.40219.1
Project("{8BC9CEB8-8B4A-11D0-8D11-00A0C91BC942}") = "Blackjack", "Blackjack.vcxproj", "{89090D97-2B19-47AA-BEBB-806EEE234E60}"
EndProject
Global
	GlobalSection(SolutionConfigurationPlatforms) = preSolution
		Debug|x64 = Debug|x64
		Debug|x86 = Debug|x86
		Release|x64 = Release|x64
		Release|x86 = Release|x86
	EndGlobalSection
	GlobalSection(ProjectConfigurationPlatforms) = postSolution
		{89090D97-2B19-47AA-BEBB-806EEE234E60}.Debug|x64.ActiveCfg = Debug|x64
		{89090D97-2B19-47AA-BEBB-806EEE234E60}.Debug|x64.Build.0 = Debug|x64
		{89090D97-2B19-47AA-BEBB-806EEE234E60}.Debug|x86.ActiveCfg = Debug|Win32
		{89090D97-2B19-47AA-BEBB-806EEE234E60}.Debug|x86.Build.0 = Debug|Win32
		{89090D97-2B19-47AA-BEBB-806EEE234E60}.Release|x64.ActiveCfg = Release|x64
		{89090D97-2B19-47AA-BEBB-806EEE234E60}.Release|x64.Build.0 = Release|x64
		{89090D97-2B19-47AA-BEBB-806EEE234E60}.Release|x86.ActiveCfg = Release|Win32
		{89090D97-2B19-47AA-BEBB-806EEE234E60}.Release|x86.Build.0 = Release|Win32
	EndGlobalSection
	GlobalSection(SolutionProperties) = preSolution
		HideSolutionNode = FALSE
	EndGlobalSection
	GlobalSection(ExtensibilityGlobals) = postSolution
		SolutionGuid = {DDFCCBB3-1DC2-49D2-95EB-A9D5931553B7}
	EndGlobalSection
EndGlobal
